// !$*UTF8*$!
{
	archiveVersion = 1;
	classes = {
	};
	objectVersion = 50;
	objects = {

/* Begin PBXBuildFile section */
		C60567DC238AE0C8009601E5 /* AppDelegate.swift in Sources */ = {isa = PBXBuildFile; fileRef = C60567DB238AE0C8009601E5 /* AppDelegate.swift */; };
		C60567DE238AE0C8009601E5 /* ViewController.swift in Sources */ = {isa = PBXBuildFile; fileRef = C60567DD238AE0C8009601E5 /* ViewController.swift */; };
		C60567E0238AE0C9009601E5 /* Assets.xcassets in Resources */ = {isa = PBXBuildFile; fileRef = C60567DF238AE0C9009601E5 /* Assets.xcassets */; };
		C60567E3238AE0C9009601E5 /* Main.storyboard in Resources */ = {isa = PBXBuildFile; fileRef = C60567E1238AE0C9009601E5 /* Main.storyboard */; };
		C69F1FEA238C6BEF0072000C /* NSAppleEventDescriptor+Music-Bar.swift in Sources */ = {isa = PBXBuildFile; fileRef = C69F1FE9238C6BEF0072000C /* NSAppleEventDescriptor+Music-Bar.swift */; };
		C69F1FEC238C6D380072000C /* NSSlider+Music-Bar.swift in Sources */ = {isa = PBXBuildFile; fileRef = C69F1FEB238C6D380072000C /* NSSlider+Music-Bar.swift */; };
		C69F1FEE238C76A10072000C /* MusicApp.swift in Sources */ = {isa = PBXBuildFile; fileRef = C69F1FED238C76A10072000C /* MusicApp.swift */; };
		C69F1FF1238C777F0072000C /* Track.swift in Sources */ = {isa = PBXBuildFile; fileRef = C69F1FF0238C777F0072000C /* Track.swift */; };
		C69F1FF3238C790C0072000C /* MusicAppObserver.swift in Sources */ = {isa = PBXBuildFile; fileRef = C69F1FF2238C790C0072000C /* MusicAppObserver.swift */; };
		C69F1FF5238C8C050072000C /* NSAppleScript+Music-Bar.swift in Sources */ = {isa = PBXBuildFile; fileRef = C69F1FF4238C8C050072000C /* NSAppleScript+Music-Bar.swift */; };
		C6A91958238E59FA001355CA /* InfoPreferenceViewController.swift in Sources */ = {isa = PBXBuildFile; fileRef = C6A91957238E59F9001355CA /* InfoPreferenceViewController.swift */; };
		C6BFF499238D40BF002C42CB /* NSNotification+Music-Bar.swift in Sources */ = {isa = PBXBuildFile; fileRef = C6BFF498238D40BF002C42CB /* NSNotification+Music-Bar.swift */; };
		C6BFF49B238D5725002C42CB /* Data+Music-Bar.swift in Sources */ = {isa = PBXBuildFile; fileRef = C6BFF49A238D5725002C42CB /* Data+Music-Bar.swift */; };
		C6BFF49F238D71CC002C42CB /* Int+Music-Bar.swift in Sources */ = {isa = PBXBuildFile; fileRef = C6BFF49E238D71CC002C42CB /* Int+Music-Bar.swift */; };
		C6BFF4A2238DB9D4002C42CB /* PreferencesWindowController.swift in Sources */ = {isa = PBXBuildFile; fileRef = C6BFF4A1238DB9D4002C42CB /* PreferencesWindowController.swift */; };
		C6BFF4A4238DBED6002C42CB /* PreferencesViewController.swift in Sources */ = {isa = PBXBuildFile; fileRef = C6BFF4A3238DBED6002C42CB /* PreferencesViewController.swift */; };
/* End PBXBuildFile section */

/* Begin PBXFileReference section */
		C60567D8238AE0C8009601E5 /* Music Bar.app */ = {isa = PBXFileReference; explicitFileType = wrapper.application; includeInIndex = 0; path = "Music Bar.app"; sourceTree = BUILT_PRODUCTS_DIR; };
		C60567DB238AE0C8009601E5 /* AppDelegate.swift */ = {isa = PBXFileReference; lastKnownFileType = sourcecode.swift; path = AppDelegate.swift; sourceTree = "<group>"; };
		C60567DD238AE0C8009601E5 /* ViewController.swift */ = {isa = PBXFileReference; lastKnownFileType = sourcecode.swift; path = ViewController.swift; sourceTree = "<group>"; };
		C60567DF238AE0C9009601E5 /* Assets.xcassets */ = {isa = PBXFileReference; lastKnownFileType = folder.assetcatalog; path = Assets.xcassets; sourceTree = "<group>"; };
		C60567E2238AE0C9009601E5 /* Base */ = {isa = PBXFileReference; lastKnownFileType = file.storyboard; name = Base; path = Base.lproj/Main.storyboard; sourceTree = "<group>"; };
		C60567E4238AE0C9009601E5 /* Info.plist */ = {isa = PBXFileReference; lastKnownFileType = text.plist.xml; path = Info.plist; sourceTree = "<group>"; };
		C60567E5238AE0C9009601E5 /* Music_Bar.entitlements */ = {isa = PBXFileReference; lastKnownFileType = text.plist.entitlements; path = Music_Bar.entitlements; sourceTree = "<group>"; };
		C69F1FE9238C6BEF0072000C /* NSAppleEventDescriptor+Music-Bar.swift */ = {isa = PBXFileReference; lastKnownFileType = sourcecode.swift; path = "NSAppleEventDescriptor+Music-Bar.swift"; sourceTree = "<group>"; };
		C69F1FEB238C6D380072000C /* NSSlider+Music-Bar.swift */ = {isa = PBXFileReference; lastKnownFileType = sourcecode.swift; path = "NSSlider+Music-Bar.swift"; sourceTree = "<group>"; };
		C69F1FED238C76A10072000C /* MusicApp.swift */ = {isa = PBXFileReference; lastKnownFileType = sourcecode.swift; path = MusicApp.swift; sourceTree = "<group>"; };
		C69F1FF0238C777F0072000C /* Track.swift */ = {isa = PBXFileReference; lastKnownFileType = sourcecode.swift; path = Track.swift; sourceTree = "<group>"; };
		C69F1FF2238C790C0072000C /* MusicAppObserver.swift */ = {isa = PBXFileReference; lastKnownFileType = sourcecode.swift; path = MusicAppObserver.swift; sourceTree = "<group>"; };
		C69F1FF4238C8C050072000C /* NSAppleScript+Music-Bar.swift */ = {isa = PBXFileReference; lastKnownFileType = sourcecode.swift; path = "NSAppleScript+Music-Bar.swift"; sourceTree = "<group>"; };
		C6A91957238E59F9001355CA /* InfoPreferenceViewController.swift */ = {isa = PBXFileReference; lastKnownFileType = sourcecode.swift; path = InfoPreferenceViewController.swift; sourceTree = "<group>"; };
		C6BFF498238D40BF002C42CB /* NSNotification+Music-Bar.swift */ = {isa = PBXFileReference; lastKnownFileType = sourcecode.swift; path = "NSNotification+Music-Bar.swift"; sourceTree = "<group>"; };
		C6BFF49A238D5725002C42CB /* Data+Music-Bar.swift */ = {isa = PBXFileReference; lastKnownFileType = sourcecode.swift; path = "Data+Music-Bar.swift"; sourceTree = "<group>"; };
		C6BFF49E238D71CC002C42CB /* Int+Music-Bar.swift */ = {isa = PBXFileReference; lastKnownFileType = sourcecode.swift; path = "Int+Music-Bar.swift"; sourceTree = "<group>"; };
		C6BFF4A1238DB9D4002C42CB /* PreferencesWindowController.swift */ = {isa = PBXFileReference; lastKnownFileType = sourcecode.swift; path = PreferencesWindowController.swift; sourceTree = "<group>"; };
		C6BFF4A3238DBED6002C42CB /* PreferencesViewController.swift */ = {isa = PBXFileReference; lastKnownFileType = sourcecode.swift; path = PreferencesViewController.swift; sourceTree = "<group>"; };
/* End PBXFileReference section */

/* Begin PBXFrameworksBuildPhase section */
		C60567D5238AE0C8009601E5 /* Frameworks */ = {
			isa = PBXFrameworksBuildPhase;
			buildActionMask = 2147483647;
			files = (
			);
			runOnlyForDeploymentPostprocessing = 0;
		};
/* End PBXFrameworksBuildPhase section */

/* Begin PBXGroup section */
		C60567CF238AE0C8009601E5 = {
			isa = PBXGroup;
			children = (
				C60567DA238AE0C8009601E5 /* Music Bar */,
				C60567D9238AE0C8009601E5 /* Products */,
			);
			sourceTree = "<group>";
		};
		C60567D9238AE0C8009601E5 /* Products */ = {
			isa = PBXGroup;
			children = (
				C60567D8238AE0C8009601E5 /* Music Bar.app */,
			);
			name = Products;
			sourceTree = "<group>";
		};
		C60567DA238AE0C8009601E5 /* Music Bar */ = {
			isa = PBXGroup;
			children = (
				C6BFF4A0238DB9B5002C42CB /* Preferences */,
				C69F1FEF238C77570072000C /* Music App */,
				C69F1FE8238C6BD10072000C /* Extensions */,
				C60567DB238AE0C8009601E5 /* AppDelegate.swift */,
				C60567DD238AE0C8009601E5 /* ViewController.swift */,
				C60567DF238AE0C9009601E5 /* Assets.xcassets */,
				C60567E1238AE0C9009601E5 /* Main.storyboard */,
				C60567E4238AE0C9009601E5 /* Info.plist */,
				C60567E5238AE0C9009601E5 /* Music_Bar.entitlements */,
			);
			path = "Music Bar";
			sourceTree = "<group>";
		};
		C69F1FE8238C6BD10072000C /* Extensions */ = {
			isa = PBXGroup;
			children = (
				C69F1FE9238C6BEF0072000C /* NSAppleEventDescriptor+Music-Bar.swift */,
				C69F1FEB238C6D380072000C /* NSSlider+Music-Bar.swift */,
				C69F1FF4238C8C050072000C /* NSAppleScript+Music-Bar.swift */,
				C6BFF498238D40BF002C42CB /* NSNotification+Music-Bar.swift */,
				C6BFF49A238D5725002C42CB /* Data+Music-Bar.swift */,
				C6BFF49E238D71CC002C42CB /* Int+Music-Bar.swift */,
			);
			path = Extensions;
			sourceTree = "<group>";
		};
		C69F1FEF238C77570072000C /* Music App */ = {
			isa = PBXGroup;
			children = (
				C69F1FED238C76A10072000C /* MusicApp.swift */,
				C69F1FF0238C777F0072000C /* Track.swift */,
				C69F1FF2238C790C0072000C /* MusicAppObserver.swift */,
			);
			path = "Music App";
			sourceTree = "<group>";
		};
		C6A91959238E5A04001355CA /* Tabs */ = {
			isa = PBXGroup;
			children = (
				C6A91957238E59F9001355CA /* InfoPreferenceViewController.swift */,
			);
			path = Tabs;
			sourceTree = "<group>";
		};
		C6BFF4A0238DB9B5002C42CB /* Preferences */ = {
			isa = PBXGroup;
			children = (
				C6A91959238E5A04001355CA /* Tabs */,
				C6BFF4A1238DB9D4002C42CB /* PreferencesWindowController.swift */,
				C6BFF4A3238DBED6002C42CB /* PreferencesViewController.swift */,
			);
			path = Preferences;
			sourceTree = "<group>";
		};
/* End PBXGroup section */

/* Begin PBXNativeTarget section */
		C60567D7238AE0C8009601E5 /* Music Bar */ = {
			isa = PBXNativeTarget;
			buildConfigurationList = C60567E8238AE0C9009601E5 /* Build configuration list for PBXNativeTarget "Music Bar" */;
			buildPhases = (
				C60567D4238AE0C8009601E5 /* Sources */,
				C60567D5238AE0C8009601E5 /* Frameworks */,
				C60567D6238AE0C8009601E5 /* Resources */,
			);
			buildRules = (
			);
			dependencies = (
			);
			name = "Music Bar";
			productName = "Music Bar";
			productReference = C60567D8238AE0C8009601E5 /* Music Bar.app */;
			productType = "com.apple.product-type.application";
		};
/* End PBXNativeTarget section */

/* Begin PBXProject section */
		C60567D0238AE0C8009601E5 /* Project object */ = {
			isa = PBXProject;
			attributes = {
				LastSwiftUpdateCheck = 1110;
				LastUpgradeCheck = 1110;
				ORGANIZATIONNAME = "Musa Semou";
				TargetAttributes = {
					C60567D7238AE0C8009601E5 = {
						CreatedOnToolsVersion = 11.1;
					};
				};
			};
			buildConfigurationList = C60567D3238AE0C8009601E5 /* Build configuration list for PBXProject "Music Bar" */;
			compatibilityVersion = "Xcode 9.3";
			developmentRegion = en;
			hasScannedForEncodings = 0;
			knownRegions = (
				en,
				Base,
			);
			mainGroup = C60567CF238AE0C8009601E5;
			productRefGroup = C60567D9238AE0C8009601E5 /* Products */;
			projectDirPath = "";
			projectRoot = "";
			targets = (
				C60567D7238AE0C8009601E5 /* Music Bar */,
			);
		};
/* End PBXProject section */

/* Begin PBXResourcesBuildPhase section */
		C60567D6238AE0C8009601E5 /* Resources */ = {
			isa = PBXResourcesBuildPhase;
			buildActionMask = 2147483647;
			files = (
				C60567E0238AE0C9009601E5 /* Assets.xcassets in Resources */,
				C60567E3238AE0C9009601E5 /* Main.storyboard in Resources */,
			);
			runOnlyForDeploymentPostprocessing = 0;
		};
/* End PBXResourcesBuildPhase section */

/* Begin PBXSourcesBuildPhase section */
		C60567D4238AE0C8009601E5 /* Sources */ = {
			isa = PBXSourcesBuildPhase;
			buildActionMask = 2147483647;
			files = (
				C6BFF499238D40BF002C42CB /* NSNotification+Music-Bar.swift in Sources */,
				C60567DE238AE0C8009601E5 /* ViewController.swift in Sources */,
				C69F1FEE238C76A10072000C /* MusicApp.swift in Sources */,
				C69F1FEC238C6D380072000C /* NSSlider+Music-Bar.swift in Sources */,
				C69F1FF3238C790C0072000C /* MusicAppObserver.swift in Sources */,
				C69F1FEA238C6BEF0072000C /* NSAppleEventDescriptor+Music-Bar.swift in Sources */,
				C6BFF4A2238DB9D4002C42CB /* PreferencesWindowController.swift in Sources */,
				C60567DC238AE0C8009601E5 /* AppDelegate.swift in Sources */,
				C6BFF4A4238DBED6002C42CB /* PreferencesViewController.swift in Sources */,
				C6A91958238E59FA001355CA /* InfoPreferenceViewController.swift in Sources */,
				C69F1FF5238C8C050072000C /* NSAppleScript+Music-Bar.swift in Sources */,
				C69F1FF1238C777F0072000C /* Track.swift in Sources */,
				C6BFF49F238D71CC002C42CB /* Int+Music-Bar.swift in Sources */,
				C6BFF49B238D5725002C42CB /* Data+Music-Bar.swift in Sources */,
			);
			runOnlyForDeploymentPostprocessing = 0;
		};
/* End PBXSourcesBuildPhase section */

/* Begin PBXVariantGroup section */
		C60567E1238AE0C9009601E5 /* Main.storyboard */ = {
			isa = PBXVariantGroup;
			children = (
				C60567E2238AE0C9009601E5 /* Base */,
			);
			name = Main.storyboard;
			sourceTree = "<group>";
		};
/* End PBXVariantGroup section */

/* Begin XCBuildConfiguration section */
		C60567E6238AE0C9009601E5 /* Debug */ = {
			isa = XCBuildConfiguration;
			buildSettings = {
				ALWAYS_SEARCH_USER_PATHS = NO;
				CLANG_ANALYZER_NONNULL = YES;
				CLANG_ANALYZER_NUMBER_OBJECT_CONVERSION = YES_AGGRESSIVE;
				CLANG_CXX_LANGUAGE_STANDARD = "gnu++14";
				CLANG_CXX_LIBRARY = "libc++";
				CLANG_ENABLE_MODULES = YES;
				CLANG_ENABLE_OBJC_ARC = YES;
				CLANG_ENABLE_OBJC_WEAK = YES;
				CLANG_WARN_BLOCK_CAPTURE_AUTORELEASING = YES;
				CLANG_WARN_BOOL_CONVERSION = YES;
				CLANG_WARN_COMMA = YES;
				CLANG_WARN_CONSTANT_CONVERSION = YES;
				CLANG_WARN_DEPRECATED_OBJC_IMPLEMENTATIONS = YES;
				CLANG_WARN_DIRECT_OBJC_ISA_USAGE = YES_ERROR;
				CLANG_WARN_DOCUMENTATION_COMMENTS = YES;
				CLANG_WARN_EMPTY_BODY = YES;
				CLANG_WARN_ENUM_CONVERSION = YES;
				CLANG_WARN_INFINITE_RECURSION = YES;
				CLANG_WARN_INT_CONVERSION = YES;
				CLANG_WARN_NON_LITERAL_NULL_CONVERSION = YES;
				CLANG_WARN_OBJC_IMPLICIT_RETAIN_SELF = YES;
				CLANG_WARN_OBJC_LITERAL_CONVERSION = YES;
				CLANG_WARN_OBJC_ROOT_CLASS = YES_ERROR;
				CLANG_WARN_RANGE_LOOP_ANALYSIS = YES;
				CLANG_WARN_STRICT_PROTOTYPES = YES;
				CLANG_WARN_SUSPICIOUS_MOVE = YES;
				CLANG_WARN_UNGUARDED_AVAILABILITY = YES_AGGRESSIVE;
				CLANG_WARN_UNREACHABLE_CODE = YES;
				CLANG_WARN__DUPLICATE_METHOD_MATCH = YES;
				COPY_PHASE_STRIP = NO;
				DEBUG_INFORMATION_FORMAT = dwarf;
				ENABLE_STRICT_OBJC_MSGSEND = YES;
				ENABLE_TESTABILITY = YES;
				GCC_C_LANGUAGE_STANDARD = gnu11;
				GCC_DYNAMIC_NO_PIC = NO;
				GCC_NO_COMMON_BLOCKS = YES;
				GCC_OPTIMIZATION_LEVEL = 0;
				GCC_PREPROCESSOR_DEFINITIONS = (
					"DEBUG=1",
					"$(inherited)",
				);
				GCC_WARN_64_TO_32_BIT_CONVERSION = YES;
				GCC_WARN_ABOUT_RETURN_TYPE = YES_ERROR;
				GCC_WARN_UNDECLARED_SELECTOR = YES;
				GCC_WARN_UNINITIALIZED_AUTOS = YES_AGGRESSIVE;
				GCC_WARN_UNUSED_FUNCTION = YES;
				GCC_WARN_UNUSED_VARIABLE = YES;
				MACOSX_DEPLOYMENT_TARGET = 10.15;
				MTL_ENABLE_DEBUG_INFO = INCLUDE_SOURCE;
				MTL_FAST_MATH = YES;
				ONLY_ACTIVE_ARCH = YES;
				SDKROOT = macosx;
				SWIFT_ACTIVE_COMPILATION_CONDITIONS = DEBUG;
				SWIFT_OPTIMIZATION_LEVEL = "-Onone";
			};
			name = Debug;
		};
		C60567E7238AE0C9009601E5 /* Release */ = {
			isa = XCBuildConfiguration;
			buildSettings = {
				ALWAYS_SEARCH_USER_PATHS = NO;
				CLANG_ANALYZER_NONNULL = YES;
				CLANG_ANALYZER_NUMBER_OBJECT_CONVERSION = YES_AGGRESSIVE;
				CLANG_CXX_LANGUAGE_STANDARD = "gnu++14";
				CLANG_CXX_LIBRARY = "libc++";
				CLANG_ENABLE_MODULES = YES;
				CLANG_ENABLE_OBJC_ARC = YES;
				CLANG_ENABLE_OBJC_WEAK = YES;
				CLANG_WARN_BLOCK_CAPTURE_AUTORELEASING = YES;
				CLANG_WARN_BOOL_CONVERSION = YES;
				CLANG_WARN_COMMA = YES;
				CLANG_WARN_CONSTANT_CONVERSION = YES;
				CLANG_WARN_DEPRECATED_OBJC_IMPLEMENTATIONS = YES;
				CLANG_WARN_DIRECT_OBJC_ISA_USAGE = YES_ERROR;
				CLANG_WARN_DOCUMENTATION_COMMENTS = YES;
				CLANG_WARN_EMPTY_BODY = YES;
				CLANG_WARN_ENUM_CONVERSION = YES;
				CLANG_WARN_INFINITE_RECURSION = YES;
				CLANG_WARN_INT_CONVERSION = YES;
				CLANG_WARN_NON_LITERAL_NULL_CONVERSION = YES;
				CLANG_WARN_OBJC_IMPLICIT_RETAIN_SELF = YES;
				CLANG_WARN_OBJC_LITERAL_CONVERSION = YES;
				CLANG_WARN_OBJC_ROOT_CLASS = YES_ERROR;
				CLANG_WARN_RANGE_LOOP_ANALYSIS = YES;
				CLANG_WARN_STRICT_PROTOTYPES = YES;
				CLANG_WARN_SUSPICIOUS_MOVE = YES;
				CLANG_WARN_UNGUARDED_AVAILABILITY = YES_AGGRESSIVE;
				CLANG_WARN_UNREACHABLE_CODE = YES;
				CLANG_WARN__DUPLICATE_METHOD_MATCH = YES;
				COPY_PHASE_STRIP = NO;
				DEBUG_INFORMATION_FORMAT = "dwarf-with-dsym";
				ENABLE_NS_ASSERTIONS = NO;
				ENABLE_STRICT_OBJC_MSGSEND = YES;
				GCC_C_LANGUAGE_STANDARD = gnu11;
				GCC_NO_COMMON_BLOCKS = YES;
				GCC_WARN_64_TO_32_BIT_CONVERSION = YES;
				GCC_WARN_ABOUT_RETURN_TYPE = YES_ERROR;
				GCC_WARN_UNDECLARED_SELECTOR = YES;
				GCC_WARN_UNINITIALIZED_AUTOS = YES_AGGRESSIVE;
				GCC_WARN_UNUSED_FUNCTION = YES;
				GCC_WARN_UNUSED_VARIABLE = YES;
				MACOSX_DEPLOYMENT_TARGET = 10.15;
				MTL_ENABLE_DEBUG_INFO = NO;
				MTL_FAST_MATH = YES;
				SDKROOT = macosx;
				SWIFT_COMPILATION_MODE = wholemodule;
				SWIFT_OPTIMIZATION_LEVEL = "-O";
			};
			name = Release;
		};
		C60567E9238AE0C9009601E5 /* Debug */ = {
			isa = XCBuildConfiguration;
			buildSettings = {
				ASSETCATALOG_COMPILER_APPICON_NAME = AppIcon;
				CODE_SIGN_ENTITLEMENTS = "Music Bar/Music_Bar.entitlements";
				CODE_SIGN_STYLE = Automatic;
				COMBINE_HIDPI_IMAGES = YES;
				DEVELOPMENT_TEAM = 4C46WQYCF2;
				ENABLE_HARDENED_RUNTIME = YES;
				INFOPLIST_FILE = "Music Bar/Info.plist";
				LD_RUNPATH_SEARCH_PATHS = (
					"$(inherited)",
					"@executable_path/../Frameworks",
				);
				PRODUCT_BUNDLE_IDENTIFIER = "me.musa11971.Music-Bar";
				PRODUCT_NAME = "$(TARGET_NAME)";
				SWIFT_VERSION = 5.0;
			};
			name = Debug;
		};
		C60567EA238AE0C9009601E5 /* Release */ = {
			isa = XCBuildConfiguration;
			buildSettings = {
				ASSETCATALOG_COMPILER_APPICON_NAME = AppIcon;
				CODE_SIGN_ENTITLEMENTS = "Music Bar/Music_Bar.entitlements";
				CODE_SIGN_STYLE = Automatic;
				COMBINE_HIDPI_IMAGES = YES;
				DEVELOPMENT_TEAM = 4C46WQYCF2;
				ENABLE_HARDENED_RUNTIME = YES;
				INFOPLIST_FILE = "Music Bar/Info.plist";
				LD_RUNPATH_SEARCH_PATHS = (
					"$(inherited)",
					"@executable_path/../Frameworks",
				);
				PRODUCT_BUNDLE_IDENTIFIER = "me.musa11971.Music-Bar";
				PRODUCT_NAME = "$(TARGET_NAME)";
				SWIFT_VERSION = 5.0;
			};
			name = Release;
		};
/* End XCBuildConfiguration section */

/* Begin XCConfigurationList section */
		C60567D3238AE0C8009601E5 /* Build configuration list for PBXProject "Music Bar" */ = {
			isa = XCConfigurationList;
			buildConfigurations = (
				C60567E6238AE0C9009601E5 /* Debug */,
				C60567E7238AE0C9009601E5 /* Release */,
			);
			defaultConfigurationIsVisible = 0;
			defaultConfigurationName = Release;
		};
		C60567E8238AE0C9009601E5 /* Build configuration list for PBXNativeTarget "Music Bar" */ = {
			isa = XCConfigurationList;
			buildConfigurations = (
				C60567E9238AE0C9009601E5 /* Debug */,
				C60567EA238AE0C9009601E5 /* Release */,
			);
			defaultConfigurationIsVisible = 0;
			defaultConfigurationName = Release;
		};
/* End XCConfigurationList section */
	};
	rootObject = C60567D0238AE0C8009601E5 /* Project object */;
}
