// !$*UTF8*$!
{
	archiveVersion = 1;
	classes = {
	};
	objectVersion = 51;
	objects = {

/* Begin PBXBuildFile section */
		299C92FC5E72B35850A7153E /* Pods_Music_Bar.framework in Frameworks */ = {isa = PBXBuildFile; fileRef = 1099BCB860C25D8BCB1FFC45 /* Pods_Music_Bar.framework */; };
		66150A27257D5A4600323F92 /* NSStatusBarButton+Music-Bar.swift in Sources */ = {isa = PBXBuildFile; fileRef = 66150A26257D5A4600323F92 /* NSStatusBarButton+Music-Bar.swift */; };
		C6041D8E23B3D9DD00E89597 /* XIBLocalizable.swift in Sources */ = {isa = PBXBuildFile; fileRef = C6041D8D23B3D9DD00E89597 /* XIBLocalizable.swift */; };
		C6041D9023B3DA1A00E89597 /* NSButton+Music-Bar.swift in Sources */ = {isa = PBXBuildFile; fileRef = C6041D8F23B3DA1A00E89597 /* NSButton+Music-Bar.swift */; };
		C6041D9123B3DF1800E89597 /* Main.storyboard in Resources */ = {isa = PBXBuildFile; fileRef = C60567E1238AE0C9009601E5 /* Main.storyboard */; };
		C60567DC238AE0C8009601E5 /* AppDelegate.swift in Sources */ = {isa = PBXBuildFile; fileRef = C60567DB238AE0C8009601E5 /* AppDelegate.swift */; };
		C60567DE238AE0C8009601E5 /* PlayerViewController.swift in Sources */ = {isa = PBXBuildFile; fileRef = C60567DD238AE0C8009601E5 /* PlayerViewController.swift */; };
		C60567E0238AE0C9009601E5 /* Assets.xcassets in Resources */ = {isa = PBXBuildFile; fileRef = C60567DF238AE0C9009601E5 /* Assets.xcassets */; };
		C6268A71239996CE003A2433 /* FileManager+Music-Bar.swift in Sources */ = {isa = PBXBuildFile; fileRef = C6268A70239996CE003A2433 /* FileManager+Music-Bar.swift */; };
		C62EAB4B23A3B6BC004DBB69 /* MBPlayerSlider.swift in Sources */ = {isa = PBXBuildFile; fileRef = C62EAB4A23A3B6BC004DBB69 /* MBPlayerSlider.swift */; };
		C62EAB4D23A3C98E004DBB69 /* NSImage+Music-Bar.swift in Sources */ = {isa = PBXBuildFile; fileRef = C62EAB4C23A3C98E004DBB69 /* NSImage+Music-Bar.swift */; };
		C6453F7823A6A3C100456629 /* NSColor+Music-Bar.swift in Sources */ = {isa = PBXBuildFile; fileRef = C6453F7723A6A3C100456629 /* NSColor+Music-Bar.swift */; };
		C6492AF6239151CE00B07B46 /* GeneralPreferencesViewController.swift in Sources */ = {isa = PBXBuildFile; fileRef = C6492AF5239151CE00B07B46 /* GeneralPreferencesViewController.swift */; };
		C6521ED32392C3EA00BF0F96 /* NotificationCenter+Music-Bar.swift in Sources */ = {isa = PBXBuildFile; fileRef = C6521ED22392C3EA00BF0F96 /* NotificationCenter+Music-Bar.swift */; };
		C69F1FEA238C6BEF0072000C /* NSAppleEventDescriptor+Music-Bar.swift in Sources */ = {isa = PBXBuildFile; fileRef = C69F1FE9238C6BEF0072000C /* NSAppleEventDescriptor+Music-Bar.swift */; };
		C69F1FEC238C6D380072000C /* NSSlider+Music-Bar.swift in Sources */ = {isa = PBXBuildFile; fileRef = C69F1FEB238C6D380072000C /* NSSlider+Music-Bar.swift */; };
		C69F1FEE238C76A10072000C /* MusicApp.swift in Sources */ = {isa = PBXBuildFile; fileRef = C69F1FED238C76A10072000C /* MusicApp.swift */; };
		C69F1FF1238C777F0072000C /* Track.swift in Sources */ = {isa = PBXBuildFile; fileRef = C69F1FF0238C777F0072000C /* Track.swift */; };
		C69F1FF3238C790C0072000C /* MusicAppObserver.swift in Sources */ = {isa = PBXBuildFile; fileRef = C69F1FF2238C790C0072000C /* MusicAppObserver.swift */; };
		C69F1FF5238C8C050072000C /* NSAppleScript+Music-Bar.swift in Sources */ = {isa = PBXBuildFile; fileRef = C69F1FF4238C8C050072000C /* NSAppleScript+Music-Bar.swift */; };
		C6A71E0823B3E5B50006CA3F /* NSTextField+Music-Bar.swift in Sources */ = {isa = PBXBuildFile; fileRef = C6A71E0723B3E5B50006CA3F /* NSTextField+Music-Bar.swift */; };
		C6A71E0C23B3F6010006CA3F /* PreferencesTabViewController.swift in Sources */ = {isa = PBXBuildFile; fileRef = C6A71E0B23B3F6010006CA3F /* PreferencesTabViewController.swift */; };
		C6A71E1023B3FAA10006CA3F /* NSViewController+Music-Bar.swift in Sources */ = {isa = PBXBuildFile; fileRef = C6A71E0F23B3FAA10006CA3F /* NSViewController+Music-Bar.swift */; };
		C6A91958238E59FA001355CA /* InfoPreferenceViewController.swift in Sources */ = {isa = PBXBuildFile; fileRef = C6A91957238E59F9001355CA /* InfoPreferenceViewController.swift */; };
		C6A9195B238E63C3001355CA /* NSRunningApplication+Music-Bar.swift in Sources */ = {isa = PBXBuildFile; fileRef = C6A9195A238E63C3001355CA /* NSRunningApplication+Music-Bar.swift */; };
		C6A9195D238EA7D8001355CA /* NSAlert+Music-Bar.swift in Sources */ = {isa = PBXBuildFile; fileRef = C6A9195C238EA7D8001355CA /* NSAlert+Music-Bar.swift */; };
		C6A91960238EB62D001355CA /* MenuBarManager.swift in Sources */ = {isa = PBXBuildFile; fileRef = C6A9195F238EB62D001355CA /* MenuBarManager.swift */; };
		C6A91962238F08ED001355CA /* String+Music-Bar.swift in Sources */ = {isa = PBXBuildFile; fileRef = C6A91961238F08ED001355CA /* String+Music-Bar.swift */; };
		C6A91964238F1BEA001355CA /* URLSession+Music-Bar.swift in Sources */ = {isa = PBXBuildFile; fileRef = C6A91963238F1BEA001355CA /* URLSession+Music-Bar.swift */; };
		C6A91967238F2C05001355CA /* UserPreferences.swift in Sources */ = {isa = PBXBuildFile; fileRef = C6A91966238F2C05001355CA /* UserPreferences.swift */; };
		C6A91969238F3300001355CA /* DisplayPreferenceViewController.swift in Sources */ = {isa = PBXBuildFile; fileRef = C6A91968238F3300001355CA /* DisplayPreferenceViewController.swift */; };
		C6BFF499238D40BF002C42CB /* NSNotification+Music-Bar.swift in Sources */ = {isa = PBXBuildFile; fileRef = C6BFF498238D40BF002C42CB /* NSNotification+Music-Bar.swift */; };
		C6BFF49B238D5725002C42CB /* Data+Music-Bar.swift in Sources */ = {isa = PBXBuildFile; fileRef = C6BFF49A238D5725002C42CB /* Data+Music-Bar.swift */; };
		C6BFF49F238D71CC002C42CB /* Int+Music-Bar.swift in Sources */ = {isa = PBXBuildFile; fileRef = C6BFF49E238D71CC002C42CB /* Int+Music-Bar.swift */; };
		C6BFF4A2238DB9D4002C42CB /* PreferencesWindowController.swift in Sources */ = {isa = PBXBuildFile; fileRef = C6BFF4A1238DB9D4002C42CB /* PreferencesWindowController.swift */; };
		C6BFF4A4238DBED6002C42CB /* PreferencesViewController.swift in Sources */ = {isa = PBXBuildFile; fileRef = C6BFF4A3238DBED6002C42CB /* PreferencesViewController.swift */; };
		C6F38D5323B01F380082D42C /* SupportPreferenceViewController.swift in Sources */ = {isa = PBXBuildFile; fileRef = C6F38D5223B01F380082D42C /* SupportPreferenceViewController.swift */; };
/* End PBXBuildFile section */

/* Begin PBXFileReference section */
		1099BCB860C25D8BCB1FFC45 /* Pods_Music_Bar.framework */ = {isa = PBXFileReference; explicitFileType = wrapper.framework; includeInIndex = 0; path = Pods_Music_Bar.framework; sourceTree = BUILT_PRODUCTS_DIR; };
		20FDE759B0E45EC2755AF4F6 /* Pods-Music Bar.debug.xcconfig */ = {isa = PBXFileReference; includeInIndex = 1; lastKnownFileType = text.xcconfig; name = "Pods-Music Bar.debug.xcconfig"; path = "Target Support Files/Pods-Music Bar/Pods-Music Bar.debug.xcconfig"; sourceTree = "<group>"; };
		66150A26257D5A4600323F92 /* NSStatusBarButton+Music-Bar.swift */ = {isa = PBXFileReference; lastKnownFileType = sourcecode.swift; path = "NSStatusBarButton+Music-Bar.swift"; sourceTree = "<group>"; };
		C6041D8923B3D8BF00E89597 /* nl-NL */ = {isa = PBXFileReference; lastKnownFileType = text.plist.strings; name = "nl-NL"; path = "nl-NL.lproj/Localizable.strings"; sourceTree = "<group>"; };
		C6041D8B23B3D90000E89597 /* en */ = {isa = PBXFileReference; lastKnownFileType = text.plist.strings; name = en; path = en.lproj/Localizable.strings; sourceTree = "<group>"; };
		C6041D8D23B3D9DD00E89597 /* XIBLocalizable.swift */ = {isa = PBXFileReference; lastKnownFileType = sourcecode.swift; path = XIBLocalizable.swift; sourceTree = "<group>"; };
		C6041D8F23B3DA1A00E89597 /* NSButton+Music-Bar.swift */ = {isa = PBXFileReference; lastKnownFileType = sourcecode.swift; path = "NSButton+Music-Bar.swift"; sourceTree = "<group>"; };
		C60567D8238AE0C8009601E5 /* Music Bar.app */ = {isa = PBXFileReference; explicitFileType = wrapper.application; includeInIndex = 0; path = "Music Bar.app"; sourceTree = BUILT_PRODUCTS_DIR; };
		C60567DB238AE0C8009601E5 /* AppDelegate.swift */ = {isa = PBXFileReference; lastKnownFileType = sourcecode.swift; path = AppDelegate.swift; sourceTree = "<group>"; };
		C60567DD238AE0C8009601E5 /* PlayerViewController.swift */ = {isa = PBXFileReference; lastKnownFileType = sourcecode.swift; path = PlayerViewController.swift; sourceTree = "<group>"; };
		C60567DF238AE0C9009601E5 /* Assets.xcassets */ = {isa = PBXFileReference; lastKnownFileType = folder.assetcatalog; path = Assets.xcassets; sourceTree = "<group>"; };
		C60567E2238AE0C9009601E5 /* Base */ = {isa = PBXFileReference; lastKnownFileType = file.storyboard; name = Base; path = Base.lproj/Main.storyboard; sourceTree = "<group>"; };
		C60567E4238AE0C9009601E5 /* Info.plist */ = {isa = PBXFileReference; lastKnownFileType = text.plist.xml; path = Info.plist; sourceTree = "<group>"; };
		C60567E5238AE0C9009601E5 /* Music_Bar.entitlements */ = {isa = PBXFileReference; lastKnownFileType = text.plist.entitlements; path = Music_Bar.entitlements; sourceTree = "<group>"; };
		C6268A70239996CE003A2433 /* FileManager+Music-Bar.swift */ = {isa = PBXFileReference; lastKnownFileType = sourcecode.swift; path = "FileManager+Music-Bar.swift"; sourceTree = "<group>"; };
		C62EAB4A23A3B6BC004DBB69 /* MBPlayerSlider.swift */ = {isa = PBXFileReference; lastKnownFileType = sourcecode.swift; path = MBPlayerSlider.swift; sourceTree = "<group>"; };
		C62EAB4C23A3C98E004DBB69 /* NSImage+Music-Bar.swift */ = {isa = PBXFileReference; lastKnownFileType = sourcecode.swift; path = "NSImage+Music-Bar.swift"; sourceTree = "<group>"; };
		C6453F7723A6A3C100456629 /* NSColor+Music-Bar.swift */ = {isa = PBXFileReference; lastKnownFileType = sourcecode.swift; path = "NSColor+Music-Bar.swift"; sourceTree = "<group>"; };
		C6492AF5239151CE00B07B46 /* GeneralPreferencesViewController.swift */ = {isa = PBXFileReference; lastKnownFileType = sourcecode.swift; path = GeneralPreferencesViewController.swift; sourceTree = "<group>"; };
		C6521ED22392C3EA00BF0F96 /* NotificationCenter+Music-Bar.swift */ = {isa = PBXFileReference; lastKnownFileType = sourcecode.swift; path = "NotificationCenter+Music-Bar.swift"; sourceTree = "<group>"; };
		C69F1FE9238C6BEF0072000C /* NSAppleEventDescriptor+Music-Bar.swift */ = {isa = PBXFileReference; lastKnownFileType = sourcecode.swift; path = "NSAppleEventDescriptor+Music-Bar.swift"; sourceTree = "<group>"; };
		C69F1FEB238C6D380072000C /* NSSlider+Music-Bar.swift */ = {isa = PBXFileReference; lastKnownFileType = sourcecode.swift; path = "NSSlider+Music-Bar.swift"; sourceTree = "<group>"; };
		C69F1FED238C76A10072000C /* MusicApp.swift */ = {isa = PBXFileReference; lastKnownFileType = sourcecode.swift; path = MusicApp.swift; sourceTree = "<group>"; };
		C69F1FF0238C777F0072000C /* Track.swift */ = {isa = PBXFileReference; lastKnownFileType = sourcecode.swift; path = Track.swift; sourceTree = "<group>"; };
		C69F1FF2238C790C0072000C /* MusicAppObserver.swift */ = {isa = PBXFileReference; lastKnownFileType = sourcecode.swift; path = MusicAppObserver.swift; sourceTree = "<group>"; };
		C69F1FF4238C8C050072000C /* NSAppleScript+Music-Bar.swift */ = {isa = PBXFileReference; lastKnownFileType = sourcecode.swift; path = "NSAppleScript+Music-Bar.swift"; sourceTree = "<group>"; };
		C6A71E0623B3E18E0006CA3F /* de */ = {isa = PBXFileReference; lastKnownFileType = text.plist.strings; name = de; path = de.lproj/Localizable.strings; sourceTree = "<group>"; };
		C6A71E0723B3E5B50006CA3F /* NSTextField+Music-Bar.swift */ = {isa = PBXFileReference; lastKnownFileType = sourcecode.swift; path = "NSTextField+Music-Bar.swift"; sourceTree = "<group>"; };
		C6A71E0B23B3F6010006CA3F /* PreferencesTabViewController.swift */ = {isa = PBXFileReference; lastKnownFileType = sourcecode.swift; path = PreferencesTabViewController.swift; sourceTree = "<group>"; };
		C6A71E0F23B3FAA10006CA3F /* NSViewController+Music-Bar.swift */ = {isa = PBXFileReference; lastKnownFileType = sourcecode.swift; path = "NSViewController+Music-Bar.swift"; sourceTree = "<group>"; };
		C6A91957238E59F9001355CA /* InfoPreferenceViewController.swift */ = {isa = PBXFileReference; lastKnownFileType = sourcecode.swift; path = InfoPreferenceViewController.swift; sourceTree = "<group>"; };
		C6A9195A238E63C3001355CA /* NSRunningApplication+Music-Bar.swift */ = {isa = PBXFileReference; lastKnownFileType = sourcecode.swift; path = "NSRunningApplication+Music-Bar.swift"; sourceTree = "<group>"; };
		C6A9195C238EA7D8001355CA /* NSAlert+Music-Bar.swift */ = {isa = PBXFileReference; lastKnownFileType = sourcecode.swift; path = "NSAlert+Music-Bar.swift"; sourceTree = "<group>"; };
		C6A9195F238EB62D001355CA /* MenuBarManager.swift */ = {isa = PBXFileReference; lastKnownFileType = sourcecode.swift; path = MenuBarManager.swift; sourceTree = "<group>"; };
		C6A91961238F08ED001355CA /* String+Music-Bar.swift */ = {isa = PBXFileReference; lastKnownFileType = sourcecode.swift; path = "String+Music-Bar.swift"; sourceTree = "<group>"; };
		C6A91963238F1BEA001355CA /* URLSession+Music-Bar.swift */ = {isa = PBXFileReference; lastKnownFileType = sourcecode.swift; path = "URLSession+Music-Bar.swift"; sourceTree = "<group>"; };
		C6A91966238F2C05001355CA /* UserPreferences.swift */ = {isa = PBXFileReference; lastKnownFileType = sourcecode.swift; path = UserPreferences.swift; sourceTree = "<group>"; };
		C6A91968238F3300001355CA /* DisplayPreferenceViewController.swift */ = {isa = PBXFileReference; lastKnownFileType = sourcecode.swift; path = DisplayPreferenceViewController.swift; sourceTree = "<group>"; };
		C6BFF498238D40BF002C42CB /* NSNotification+Music-Bar.swift */ = {isa = PBXFileReference; lastKnownFileType = sourcecode.swift; path = "NSNotification+Music-Bar.swift"; sourceTree = "<group>"; };
		C6BFF49A238D5725002C42CB /* Data+Music-Bar.swift */ = {isa = PBXFileReference; lastKnownFileType = sourcecode.swift; path = "Data+Music-Bar.swift"; sourceTree = "<group>"; };
		C6BFF49E238D71CC002C42CB /* Int+Music-Bar.swift */ = {isa = PBXFileReference; lastKnownFileType = sourcecode.swift; path = "Int+Music-Bar.swift"; sourceTree = "<group>"; };
		C6BFF4A1238DB9D4002C42CB /* PreferencesWindowController.swift */ = {isa = PBXFileReference; lastKnownFileType = sourcecode.swift; path = PreferencesWindowController.swift; sourceTree = "<group>"; };
		C6BFF4A3238DBED6002C42CB /* PreferencesViewController.swift */ = {isa = PBXFileReference; lastKnownFileType = sourcecode.swift; path = PreferencesViewController.swift; sourceTree = "<group>"; };
		C6F38D5223B01F380082D42C /* SupportPreferenceViewController.swift */ = {isa = PBXFileReference; lastKnownFileType = sourcecode.swift; path = SupportPreferenceViewController.swift; sourceTree = "<group>"; };
		DE8B72A9A7A8F58DF744A91D /* Pods-Music Bar.release.xcconfig */ = {isa = PBXFileReference; includeInIndex = 1; lastKnownFileType = text.xcconfig; name = "Pods-Music Bar.release.xcconfig"; path = "Target Support Files/Pods-Music Bar/Pods-Music Bar.release.xcconfig"; sourceTree = "<group>"; };
/* End PBXFileReference section */

/* Begin PBXFrameworksBuildPhase section */
		C60567D5238AE0C8009601E5 /* Frameworks */ = {
			isa = PBXFrameworksBuildPhase;
			buildActionMask = 2147483647;
			files = (
				299C92FC5E72B35850A7153E /* Pods_Music_Bar.framework in Frameworks */,
			);
			runOnlyForDeploymentPostprocessing = 0;
		};
/* End PBXFrameworksBuildPhase section */

/* Begin PBXGroup section */
		41D70AF137350FDA1EF031B6 /* Pods */ = {
			isa = PBXGroup;
			children = (
				20FDE759B0E45EC2755AF4F6 /* Pods-Music Bar.debug.xcconfig */,
				DE8B72A9A7A8F58DF744A91D /* Pods-Music Bar.release.xcconfig */,
			);
			path = Pods;
			sourceTree = "<group>";
		};
		7426CAFA5C9F4180FED72A9A /* Frameworks */ = {
			isa = PBXGroup;
			children = (
				1099BCB860C25D8BCB1FFC45 /* Pods_Music_Bar.framework */,
			);
			name = Frameworks;
			sourceTree = "<group>";
		};
		C6041D8C23B3D95800E89597 /* Localization */ = {
			isa = PBXGroup;
			children = (
				C6041D8D23B3D9DD00E89597 /* XIBLocalizable.swift */,
				C6041D8F23B3DA1A00E89597 /* NSButton+Music-Bar.swift */,
				C6A71E0723B3E5B50006CA3F /* NSTextField+Music-Bar.swift */,
				C6A71E0F23B3FAA10006CA3F /* NSViewController+Music-Bar.swift */,
			);
			path = Localization;
			sourceTree = "<group>";
		};
		C60567CF238AE0C8009601E5 = {
			isa = PBXGroup;
			children = (
				C60567DA238AE0C8009601E5 /* Music Bar */,
				C60567D9238AE0C8009601E5 /* Products */,
				41D70AF137350FDA1EF031B6 /* Pods */,
				7426CAFA5C9F4180FED72A9A /* Frameworks */,
			);
			sourceTree = "<group>";
		};
		C60567D9238AE0C8009601E5 /* Products */ = {
			isa = PBXGroup;
			children = (
				C60567D8238AE0C8009601E5 /* Music Bar.app */,
			);
			name = Products;
			sourceTree = "<group>";
		};
		C60567DA238AE0C8009601E5 /* Music Bar */ = {
			isa = PBXGroup;
			children = (
				C6041D8C23B3D95800E89597 /* Localization */,
				C6A9195E238EB5EA001355CA /* Menu Bar */,
				C6BFF4A0238DB9B5002C42CB /* Preferences */,
				C69F1FEF238C77570072000C /* Music App */,
				C69F1FE8238C6BD10072000C /* Extensions */,
				C6A91965238F27AE001355CA /* Player */,
				C60567DF238AE0C9009601E5 /* Assets.xcassets */,
				C60567DB238AE0C8009601E5 /* AppDelegate.swift */,
				C60567E1238AE0C9009601E5 /* Main.storyboard */,
				C60567E4238AE0C9009601E5 /* Info.plist */,
				C60567E5238AE0C9009601E5 /* Music_Bar.entitlements */,
			);
			path = "Music Bar";
			sourceTree = "<group>";
		};
		C69F1FE8238C6BD10072000C /* Extensions */ = {
			isa = PBXGroup;
			children = (
				C6BFF49A238D5725002C42CB /* Data+Music-Bar.swift */,
				C6268A70239996CE003A2433 /* FileManager+Music-Bar.swift */,
				C6BFF49E238D71CC002C42CB /* Int+Music-Bar.swift */,
				C6521ED22392C3EA00BF0F96 /* NotificationCenter+Music-Bar.swift */,
				C6A9195C238EA7D8001355CA /* NSAlert+Music-Bar.swift */,
				C69F1FE9238C6BEF0072000C /* NSAppleEventDescriptor+Music-Bar.swift */,
				C69F1FF4238C8C050072000C /* NSAppleScript+Music-Bar.swift */,
				C6453F7723A6A3C100456629 /* NSColor+Music-Bar.swift */,
				C62EAB4C23A3C98E004DBB69 /* NSImage+Music-Bar.swift */,
				C6BFF498238D40BF002C42CB /* NSNotification+Music-Bar.swift */,
				C6A9195A238E63C3001355CA /* NSRunningApplication+Music-Bar.swift */,
				C69F1FEB238C6D380072000C /* NSSlider+Music-Bar.swift */,
				66150A26257D5A4600323F92 /* NSStatusBarButton+Music-Bar.swift */,
				C6A91961238F08ED001355CA /* String+Music-Bar.swift */,
				C6A91963238F1BEA001355CA /* URLSession+Music-Bar.swift */,
			);
			path = Extensions;
			sourceTree = "<group>";
		};
		C69F1FEF238C77570072000C /* Music App */ = {
			isa = PBXGroup;
			children = (
				C69F1FED238C76A10072000C /* MusicApp.swift */,
				C69F1FF0238C777F0072000C /* Track.swift */,
				C69F1FF2238C790C0072000C /* MusicAppObserver.swift */,
			);
			path = "Music App";
			sourceTree = "<group>";
		};
		C6A91959238E5A04001355CA /* Tabs */ = {
			isa = PBXGroup;
			children = (
				C6A91957238E59F9001355CA /* InfoPreferenceViewController.swift */,
				C6492AF5239151CE00B07B46 /* GeneralPreferencesViewController.swift */,
				C6A91968238F3300001355CA /* DisplayPreferenceViewController.swift */,
				C6F38D5223B01F380082D42C /* SupportPreferenceViewController.swift */,
			);
			path = Tabs;
			sourceTree = "<group>";
		};
		C6A9195E238EB5EA001355CA /* Menu Bar */ = {
			isa = PBXGroup;
			children = (
				C6A9195F238EB62D001355CA /* MenuBarManager.swift */,
			);
			path = "Menu Bar";
			sourceTree = "<group>";
		};
		C6A91965238F27AE001355CA /* Player */ = {
			isa = PBXGroup;
			children = (
				C62EAB4A23A3B6BC004DBB69 /* MBPlayerSlider.swift */,
				C60567DD238AE0C8009601E5 /* PlayerViewController.swift */,
			);
			path = Player;
			sourceTree = "<group>";
		};
		C6BFF4A0238DB9B5002C42CB /* Preferences */ = {
			isa = PBXGroup;
			children = (
				C6A91959238E5A04001355CA /* Tabs */,
				C6BFF4A1238DB9D4002C42CB /* PreferencesWindowController.swift */,
				C6BFF4A3238DBED6002C42CB /* PreferencesViewController.swift */,
				C6A91966238F2C05001355CA /* UserPreferences.swift */,
				C6A71E0B23B3F6010006CA3F /* PreferencesTabViewController.swift */,
			);
			path = Preferences;
			sourceTree = "<group>";
		};
/* End PBXGroup section */

/* Begin PBXNativeTarget section */
		C60567D7238AE0C8009601E5 /* Music Bar */ = {
			isa = PBXNativeTarget;
			buildConfigurationList = C60567E8238AE0C9009601E5 /* Build configuration list for PBXNativeTarget "Music Bar" */;
			buildPhases = (
				0FAF24C9038AB0F8E30CC8F0 /* [CP] Check Pods Manifest.lock */,
				C60567D4238AE0C8009601E5 /* Sources */,
				C60567D5238AE0C8009601E5 /* Frameworks */,
				C60567D6238AE0C8009601E5 /* Resources */,
				05ABF6E8938F1CB2CA89A35B /* [CP] Embed Pods Frameworks */,
			);
			buildRules = (
			);
			dependencies = (
			);
			name = "Music Bar";
			productName = "Music Bar";
			productReference = C60567D8238AE0C8009601E5 /* Music Bar.app */;
			productType = "com.apple.product-type.application";
		};
/* End PBXNativeTarget section */

/* Begin PBXProject section */
		C60567D0238AE0C8009601E5 /* Project object */ = {
			isa = PBXProject;
			attributes = {
				LastSwiftUpdateCheck = 1110;
				LastUpgradeCheck = 1110;
				ORGANIZATIONNAME = "Musa Semou";
				TargetAttributes = {
					C60567D7238AE0C8009601E5 = {
						CreatedOnToolsVersion = 11.1;
					};
				};
			};
			buildConfigurationList = C60567D3238AE0C8009601E5 /* Build configuration list for PBXProject "Music Bar" */;
			compatibilityVersion = "Xcode 9.3";
			developmentRegion = en;
			hasScannedForEncodings = 0;
			knownRegions = (
				en,
				Base,
				"nl-NL",
				de,
			);
			mainGroup = C60567CF238AE0C8009601E5;
			productRefGroup = C60567D9238AE0C8009601E5 /* Products */;
			projectDirPath = "";
			projectRoot = "";
			targets = (
				C60567D7238AE0C8009601E5 /* Music Bar */,
			);
		};
/* End PBXProject section */

/* Begin PBXResourcesBuildPhase section */
		C60567D6238AE0C8009601E5 /* Resources */ = {
			isa = PBXResourcesBuildPhase;
			buildActionMask = 2147483647;
			files = (
				C6041D9123B3DF1800E89597 /* Main.storyboard in Resources */,
				C60567E0238AE0C9009601E5 /* Assets.xcassets in Resources */,
			);
			runOnlyForDeploymentPostprocessing = 0;
		};
/* End PBXResourcesBuildPhase section */

/* Begin PBXShellScriptBuildPhase section */
		05ABF6E8938F1CB2CA89A35B /* [CP] Embed Pods Frameworks */ = {
			isa = PBXShellScriptBuildPhase;
			buildActionMask = 2147483647;
			files = (
			);
			inputFileListPaths = (
				"${PODS_ROOT}/Target Support Files/Pods-Music Bar/Pods-Music Bar-frameworks-${CONFIGURATION}-input-files.xcfilelist",
			);
			name = "[CP] Embed Pods Frameworks";
			outputFileListPaths = (
				"${PODS_ROOT}/Target Support Files/Pods-Music Bar/Pods-Music Bar-frameworks-${CONFIGURATION}-output-files.xcfilelist",
			);
			runOnlyForDeploymentPostprocessing = 0;
			shellPath = /bin/sh;
			shellScript = "\"${PODS_ROOT}/Target Support Files/Pods-Music Bar/Pods-Music Bar-frameworks.sh\"\n";
			showEnvVarsInLog = 0;
		};
		0FAF24C9038AB0F8E30CC8F0 /* [CP] Check Pods Manifest.lock */ = {
			isa = PBXShellScriptBuildPhase;
			buildActionMask = 2147483647;
			files = (
			);
			inputFileListPaths = (
			);
			inputPaths = (
				"${PODS_PODFILE_DIR_PATH}/Podfile.lock",
				"${PODS_ROOT}/Manifest.lock",
			);
			name = "[CP] Check Pods Manifest.lock";
			outputFileListPaths = (
			);
			outputPaths = (
				"$(DERIVED_FILE_DIR)/Pods-Music Bar-checkManifestLockResult.txt",
			);
			runOnlyForDeploymentPostprocessing = 0;
			shellPath = /bin/sh;
			shellScript = "diff \"${PODS_PODFILE_DIR_PATH}/Podfile.lock\" \"${PODS_ROOT}/Manifest.lock\" > /dev/null\nif [ $? != 0 ] ; then\n    # print error to STDERR\n    echo \"error: The sandbox is not in sync with the Podfile.lock. Run 'pod install' or update your CocoaPods installation.\" >&2\n    exit 1\nfi\n# This output is used by Xcode 'outputs' to avoid re-running this script phase.\necho \"SUCCESS\" > \"${SCRIPT_OUTPUT_FILE_0}\"\n";
			showEnvVarsInLog = 0;
		};
/* End PBXShellScriptBuildPhase section */

/* Begin PBXSourcesBuildPhase section */
		C60567D4238AE0C8009601E5 /* Sources */ = {
			isa = PBXSourcesBuildPhase;
			buildActionMask = 2147483647;
			files = (
				C6BFF499238D40BF002C42CB /* NSNotification+Music-Bar.swift in Sources */,
				C6A71E0823B3E5B50006CA3F /* NSTextField+Music-Bar.swift in Sources */,
				C60567DE238AE0C8009601E5 /* PlayerViewController.swift in Sources */,
				C69F1FEE238C76A10072000C /* MusicApp.swift in Sources */,
				C6F38D5323B01F380082D42C /* SupportPreferenceViewController.swift in Sources */,
				C69F1FEC238C6D380072000C /* NSSlider+Music-Bar.swift in Sources */,
				66150A27257D5A4600323F92 /* NSStatusBarButton+Music-Bar.swift in Sources */,
				C6A9195B238E63C3001355CA /* NSRunningApplication+Music-Bar.swift in Sources */,
				C6A91967238F2C05001355CA /* UserPreferences.swift in Sources */,
				C69F1FF3238C790C0072000C /* MusicAppObserver.swift in Sources */,
				C6A91962238F08ED001355CA /* String+Music-Bar.swift in Sources */,
				C6492AF6239151CE00B07B46 /* GeneralPreferencesViewController.swift in Sources */,
				C62EAB4B23A3B6BC004DBB69 /* MBPlayerSlider.swift in Sources */,
				C6A91960238EB62D001355CA /* MenuBarManager.swift in Sources */,
				C6041D9023B3DA1A00E89597 /* NSButton+Music-Bar.swift in Sources */,
				C69F1FEA238C6BEF0072000C /* NSAppleEventDescriptor+Music-Bar.swift in Sources */,
				C62EAB4D23A3C98E004DBB69 /* NSImage+Music-Bar.swift in Sources */,
				C6BFF4A2238DB9D4002C42CB /* PreferencesWindowController.swift in Sources */,
				C60567DC238AE0C8009601E5 /* AppDelegate.swift in Sources */,
				C6A71E1023B3FAA10006CA3F /* NSViewController+Music-Bar.swift in Sources */,
				C6A71E0C23B3F6010006CA3F /* PreferencesTabViewController.swift in Sources */,
				C6041D8E23B3D9DD00E89597 /* XIBLocalizable.swift in Sources */,
				C6A9195D238EA7D8001355CA /* NSAlert+Music-Bar.swift in Sources */,
				C6521ED32392C3EA00BF0F96 /* NotificationCenter+Music-Bar.swift in Sources */,
				C6BFF4A4238DBED6002C42CB /* PreferencesViewController.swift in Sources */,
				C6268A71239996CE003A2433 /* FileManager+Music-Bar.swift in Sources */,
				C6453F7823A6A3C100456629 /* NSColor+Music-Bar.swift in Sources */,
				C6A91969238F3300001355CA /* DisplayPreferenceViewController.swift in Sources */,
				C6A91958238E59FA001355CA /* InfoPreferenceViewController.swift in Sources */,
				C69F1FF5238C8C050072000C /* NSAppleScript+Music-Bar.swift in Sources */,
				C6A91964238F1BEA001355CA /* URLSession+Music-Bar.swift in Sources */,
				C69F1FF1238C777F0072000C /* Track.swift in Sources */,
				C6BFF49F238D71CC002C42CB /* Int+Music-Bar.swift in Sources */,
				C6BFF49B238D5725002C42CB /* Data+Music-Bar.swift in Sources */,
			);
			runOnlyForDeploymentPostprocessing = 0;
		};
/* End PBXSourcesBuildPhase section */

/* Begin PBXVariantGroup section */
		C60567E1238AE0C9009601E5 /* Main.storyboard */ = {
			isa = PBXVariantGroup;
			children = (
				C60567E2238AE0C9009601E5 /* Base */,
				C6041D8923B3D8BF00E89597 /* nl-NL */,
				C6041D8B23B3D90000E89597 /* en */,
				C6A71E0623B3E18E0006CA3F /* de */,
			);
			name = Main.storyboard;
			sourceTree = "<group>";
		};
/* End PBXVariantGroup section */

/* Begin XCBuildConfiguration section */
		C60567E6238AE0C9009601E5 /* Debug */ = {
			isa = XCBuildConfiguration;
			buildSettings = {
				ALWAYS_SEARCH_USER_PATHS = NO;
				CLANG_ANALYZER_LOCALIZABILITY_NONLOCALIZED = YES;
				CLANG_ANALYZER_NONNULL = YES;
				CLANG_ANALYZER_NUMBER_OBJECT_CONVERSION = YES_AGGRESSIVE;
				CLANG_CXX_LANGUAGE_STANDARD = "gnu++14";
				CLANG_CXX_LIBRARY = "libc++";
				CLANG_ENABLE_MODULES = YES;
				CLANG_ENABLE_OBJC_ARC = YES;
				CLANG_ENABLE_OBJC_WEAK = YES;
				CLANG_WARN_BLOCK_CAPTURE_AUTORELEASING = YES;
				CLANG_WARN_BOOL_CONVERSION = YES;
				CLANG_WARN_COMMA = YES;
				CLANG_WARN_CONSTANT_CONVERSION = YES;
				CLANG_WARN_DEPRECATED_OBJC_IMPLEMENTATIONS = YES;
				CLANG_WARN_DIRECT_OBJC_ISA_USAGE = YES_ERROR;
				CLANG_WARN_DOCUMENTATION_COMMENTS = YES;
				CLANG_WARN_EMPTY_BODY = YES;
				CLANG_WARN_ENUM_CONVERSION = YES;
				CLANG_WARN_INFINITE_RECURSION = YES;
				CLANG_WARN_INT_CONVERSION = YES;
				CLANG_WARN_NON_LITERAL_NULL_CONVERSION = YES;
				CLANG_WARN_OBJC_IMPLICIT_RETAIN_SELF = YES;
				CLANG_WARN_OBJC_LITERAL_CONVERSION = YES;
				CLANG_WARN_OBJC_ROOT_CLASS = YES_ERROR;
				CLANG_WARN_RANGE_LOOP_ANALYSIS = YES;
				CLANG_WARN_STRICT_PROTOTYPES = YES;
				CLANG_WARN_SUSPICIOUS_MOVE = YES;
				CLANG_WARN_UNGUARDED_AVAILABILITY = YES_AGGRESSIVE;
				CLANG_WARN_UNREACHABLE_CODE = YES;
				CLANG_WARN__DUPLICATE_METHOD_MATCH = YES;
				COPY_PHASE_STRIP = NO;
				DEBUG_INFORMATION_FORMAT = dwarf;
				ENABLE_STRICT_OBJC_MSGSEND = YES;
				ENABLE_TESTABILITY = YES;
				GCC_C_LANGUAGE_STANDARD = gnu11;
				GCC_DYNAMIC_NO_PIC = NO;
				GCC_NO_COMMON_BLOCKS = YES;
				GCC_OPTIMIZATION_LEVEL = 0;
				GCC_PREPROCESSOR_DEFINITIONS = (
					"DEBUG=1",
					"$(inherited)",
				);
				GCC_WARN_64_TO_32_BIT_CONVERSION = YES;
				GCC_WARN_ABOUT_RETURN_TYPE = YES_ERROR;
				GCC_WARN_UNDECLARED_SELECTOR = YES;
				GCC_WARN_UNINITIALIZED_AUTOS = YES_AGGRESSIVE;
				GCC_WARN_UNUSED_FUNCTION = YES;
				GCC_WARN_UNUSED_VARIABLE = YES;
				MACOSX_DEPLOYMENT_TARGET = 10.14;
				MTL_ENABLE_DEBUG_INFO = INCLUDE_SOURCE;
				MTL_FAST_MATH = YES;
				ONLY_ACTIVE_ARCH = YES;
				SDKROOT = macosx;
				SWIFT_ACTIVE_COMPILATION_CONDITIONS = DEBUG;
				SWIFT_OPTIMIZATION_LEVEL = "-Onone";
			};
			name = Debug;
		};
		C60567E7238AE0C9009601E5 /* Release */ = {
			isa = XCBuildConfiguration;
			buildSettings = {
				ALWAYS_SEARCH_USER_PATHS = NO;
				CLANG_ANALYZER_LOCALIZABILITY_NONLOCALIZED = YES;
				CLANG_ANALYZER_NONNULL = YES;
				CLANG_ANALYZER_NUMBER_OBJECT_CONVERSION = YES_AGGRESSIVE;
				CLANG_CXX_LANGUAGE_STANDARD = "gnu++14";
				CLANG_CXX_LIBRARY = "libc++";
				CLANG_ENABLE_MODULES = YES;
				CLANG_ENABLE_OBJC_ARC = YES;
				CLANG_ENABLE_OBJC_WEAK = YES;
				CLANG_WARN_BLOCK_CAPTURE_AUTORELEASING = YES;
				CLANG_WARN_BOOL_CONVERSION = YES;
				CLANG_WARN_COMMA = YES;
				CLANG_WARN_CONSTANT_CONVERSION = YES;
				CLANG_WARN_DEPRECATED_OBJC_IMPLEMENTATIONS = YES;
				CLANG_WARN_DIRECT_OBJC_ISA_USAGE = YES_ERROR;
				CLANG_WARN_DOCUMENTATION_COMMENTS = YES;
				CLANG_WARN_EMPTY_BODY = YES;
				CLANG_WARN_ENUM_CONVERSION = YES;
				CLANG_WARN_INFINITE_RECURSION = YES;
				CLANG_WARN_INT_CONVERSION = YES;
				CLANG_WARN_NON_LITERAL_NULL_CONVERSION = YES;
				CLANG_WARN_OBJC_IMPLICIT_RETAIN_SELF = YES;
				CLANG_WARN_OBJC_LITERAL_CONVERSION = YES;
				CLANG_WARN_OBJC_ROOT_CLASS = YES_ERROR;
				CLANG_WARN_RANGE_LOOP_ANALYSIS = YES;
				CLANG_WARN_STRICT_PROTOTYPES = YES;
				CLANG_WARN_SUSPICIOUS_MOVE = YES;
				CLANG_WARN_UNGUARDED_AVAILABILITY = YES_AGGRESSIVE;
				CLANG_WARN_UNREACHABLE_CODE = YES;
				CLANG_WARN__DUPLICATE_METHOD_MATCH = YES;
				COPY_PHASE_STRIP = NO;
				DEBUG_INFORMATION_FORMAT = "dwarf-with-dsym";
				ENABLE_NS_ASSERTIONS = NO;
				ENABLE_STRICT_OBJC_MSGSEND = YES;
				GCC_C_LANGUAGE_STANDARD = gnu11;
				GCC_NO_COMMON_BLOCKS = YES;
				GCC_WARN_64_TO_32_BIT_CONVERSION = YES;
				GCC_WARN_ABOUT_RETURN_TYPE = YES_ERROR;
				GCC_WARN_UNDECLARED_SELECTOR = YES;
				GCC_WARN_UNINITIALIZED_AUTOS = YES_AGGRESSIVE;
				GCC_WARN_UNUSED_FUNCTION = YES;
				GCC_WARN_UNUSED_VARIABLE = YES;
				MACOSX_DEPLOYMENT_TARGET = 10.14;
				MTL_ENABLE_DEBUG_INFO = NO;
				MTL_FAST_MATH = YES;
				SDKROOT = macosx;
				SWIFT_COMPILATION_MODE = wholemodule;
				SWIFT_OPTIMIZATION_LEVEL = "-O";
			};
			name = Release;
		};
		C60567E9238AE0C9009601E5 /* Debug */ = {
			isa = XCBuildConfiguration;
			baseConfigurationReference = 20FDE759B0E45EC2755AF4F6 /* Pods-Music Bar.debug.xcconfig */;
			buildSettings = {
				ASSETCATALOG_COMPILER_APPICON_NAME = AppIcon;
				CODE_SIGN_ENTITLEMENTS = "Music Bar/Music_Bar.entitlements";
				CODE_SIGN_STYLE = Automatic;
				COMBINE_HIDPI_IMAGES = YES;
				DEVELOPMENT_TEAM = 4C46WQYCF2;
				ENABLE_HARDENED_RUNTIME = YES;
				INFOPLIST_FILE = "Music Bar/Info.plist";
				LD_RUNPATH_SEARCH_PATHS = (
					"$(inherited)",
					"@executable_path/../Frameworks",
				);
				MACOSX_DEPLOYMENT_TARGET = 10.14;
				PRODUCT_BUNDLE_IDENTIFIER = "me.musa11971.Music-Bar";
				PRODUCT_NAME = "$(TARGET_NAME)";
				SWIFT_VERSION = 5.0;
			};
			name = Debug;
		};
		C60567EA238AE0C9009601E5 /* Release */ = {
			isa = XCBuildConfiguration;
			baseConfigurationReference = DE8B72A9A7A8F58DF744A91D /* Pods-Music Bar.release.xcconfig */;
			buildSettings = {
				ASSETCATALOG_COMPILER_APPICON_NAME = AppIcon;
				CODE_SIGN_ENTITLEMENTS = "Music Bar/Music_Bar.entitlements";
				CODE_SIGN_STYLE = Automatic;
				COMBINE_HIDPI_IMAGES = YES;
				DEVELOPMENT_TEAM = 4C46WQYCF2;
				ENABLE_HARDENED_RUNTIME = YES;
				INFOPLIST_FILE = "Music Bar/Info.plist";
				LD_RUNPATH_SEARCH_PATHS = (
					"$(inherited)",
					"@executable_path/../Frameworks",
				);
				MACOSX_DEPLOYMENT_TARGET = 10.14;
				PRODUCT_BUNDLE_IDENTIFIER = "me.musa11971.Music-Bar";
				PRODUCT_NAME = "$(TARGET_NAME)";
				SWIFT_VERSION = 5.0;
			};
			name = Release;
		};
/* End XCBuildConfiguration section */

/* Begin XCConfigurationList section */
		C60567D3238AE0C8009601E5 /* Build configuration list for PBXProject "Music Bar" */ = {
			isa = XCConfigurationList;
			buildConfigurations = (
				C60567E6238AE0C9009601E5 /* Debug */,
				C60567E7238AE0C9009601E5 /* Release */,
			);
			defaultConfigurationIsVisible = 0;
			defaultConfigurationName = Release;
		};
		C60567E8238AE0C9009601E5 /* Build configuration list for PBXNativeTarget "Music Bar" */ = {
			isa = XCConfigurationList;
			buildConfigurations = (
				C60567E9238AE0C9009601E5 /* Debug */,
				C60567EA238AE0C9009601E5 /* Release */,
			);
			defaultConfigurationIsVisible = 0;
			defaultConfigurationName = Release;
		};
/* End XCConfigurationList section */
	};
	rootObject = C60567D0238AE0C8009601E5 /* Project object */;
}
